// !$*UTF8*$!
{
	archiveVersion = 1;
	classes = {
	};
	objectVersion = 46;
	objects = {

/* Begin PBXBuildFile section */
		2F8125DD18139C6800A07D20 /* Level.m in Sources */ = {isa = PBXBuildFile; fileRef = 2F8125DC18139C6800A07D20 /* Level.m */; };
		2F90BC971814C1E3008FEF78 /* AnswerLabel.m in Sources */ = {isa = PBXBuildFile; fileRef = 2F90BC961814C1E3008FEF78 /* AnswerLabel.m */; };
		2F9ADA7C180E18C0003054BE /* logo.png in Resources */ = {isa = PBXBuildFile; fileRef = 2F9ADA7B180E18C0003054BE /* logo.png */; };
		2FB31BBE181C960500773898 /* feedback_wrong.png in Resources */ = {isa = PBXBuildFile; fileRef = 2FB31BBD181C960500773898 /* feedback_wrong.png */; };
		2FEBB175181B194D007596FD /* icon_ipad_nonretina.png in Resources */ = {isa = PBXBuildFile; fileRef = 2FEBB174181B194D007596FD /* icon_ipad_nonretina.png */; };
		2FEBB178181B20A4007596FD /* feedback_correct.png in Resources */ = {isa = PBXBuildFile; fileRef = 2FEBB177181B20A4007596FD /* feedback_correct.png */; };
		2FEBB17B181B2E21007596FD /* PopUpViewController.m in Sources */ = {isa = PBXBuildFile; fileRef = 2FEBB17A181B2E21007596FD /* PopUpViewController.m */; };
		2FEC98C3180CE81300F874D2 /* PracticeLevelViewController.m in Sources */ = {isa = PBXBuildFile; fileRef = 2FEC98C2180CE81300F874D2 /* PracticeLevelViewController.m */; };
		9C0691B4184CDBD200472680 /* icon_ipad_retina152.png in Resources */ = {isa = PBXBuildFile; fileRef = 9C0691B1184CDBD200472680 /* icon_ipad_retina152.png */; };
		9C0691B5184CDBD200472680 /* icon_ipad_retina144.png in Resources */ = {isa = PBXBuildFile; fileRef = 9C0691B2184CDBD200472680 /* icon_ipad_retina144.png */; };
		9C0691B6184CDBD200472680 /* icon_ipad_nonretina72.png in Resources */ = {isa = PBXBuildFile; fileRef = 9C0691B3184CDBD200472680 /* icon_ipad_nonretina72.png */; };
		9C0691BC184CDBF600472680 /* Default-Portrait@2x~ipad.png in Resources */ = {isa = PBXBuildFile; fileRef = 9C0691B8184CDBF600472680 /* Default-Portrait@2x~ipad.png */; };
		9C0691BD184CDBF600472680 /* Default~ipad.png in Resources */ = {isa = PBXBuildFile; fileRef = 9C0691B9184CDBF600472680 /* Default~ipad.png */; };
		9C0691BE184CDBF600472680 /* Default-Portrait@2x.png in Resources */ = {isa = PBXBuildFile; fileRef = 9C0691BA184CDBF600472680 /* Default-Portrait@2x.png */; };
		9C0691BF184CDBF600472680 /* launchimage_portrait_ipad_nonretina768.png in Resources */ = {isa = PBXBuildFile; fileRef = 9C0691BB184CDBF600472680 /* launchimage_portrait_ipad_nonretina768.png */; };
		9C0691C1184CDD7800472680 /* launchimage_portrait_ipad_retina1536.png in Resources */ = {isa = PBXBuildFile; fileRef = 9C0691C0184CDD7800472680 /* launchimage_portrait_ipad_retina1536.png */; };
		B738E6A2182A7C4C0059E598 /* iterationImage2.png in Resources */ = {isa = PBXBuildFile; fileRef = B738E6A1182A7C4C0059E598 /* iterationImage2.png */; };
		B738E6A7182A7C9C0059E598 /* bodyImage2.png in Resources */ = {isa = PBXBuildFile; fileRef = B738E6A5182A7C9C0059E598 /* bodyImage2.png */; };
		B738E6A8182A7C9C0059E598 /* conditionImage2.png in Resources */ = {isa = PBXBuildFile; fileRef = B738E6A6182A7C9C0059E598 /* conditionImage2.png */; };
		B738E6AA182A7DEA0059E598 /* initializerImage2.png in Resources */ = {isa = PBXBuildFile; fileRef = B738E6A9182A7DEA0059E598 /* initializerImage2.png */; };
		B73E670817F33FA200C8F1DC /* UIKit.framework in Frameworks */ = {isa = PBXBuildFile; fileRef = B73E670717F33FA200C8F1DC /* UIKit.framework */; };
		B73E670A17F33FA200C8F1DC /* Foundation.framework in Frameworks */ = {isa = PBXBuildFile; fileRef = B73E670917F33FA200C8F1DC /* Foundation.framework */; };
		B73E670C17F33FA200C8F1DC /* CoreGraphics.framework in Frameworks */ = {isa = PBXBuildFile; fileRef = B73E670B17F33FA200C8F1DC /* CoreGraphics.framework */; };
		B73E671217F33FA200C8F1DC /* InfoPlist.strings in Resources */ = {isa = PBXBuildFile; fileRef = B73E671017F33FA200C8F1DC /* InfoPlist.strings */; };
		B73E671417F33FA200C8F1DC /* main.m in Sources */ = {isa = PBXBuildFile; fileRef = B73E671317F33FA200C8F1DC /* main.m */; };
		B73E671817F33FA200C8F1DC /* AppDelegate.m in Sources */ = {isa = PBXBuildFile; fileRef = B73E671717F33FA200C8F1DC /* AppDelegate.m */; };
		B73E671A17F33FA200C8F1DC /* Default.png in Resources */ = {isa = PBXBuildFile; fileRef = B73E671917F33FA200C8F1DC /* Default.png */; };
		B73E671C17F33FA200C8F1DC /* Default@2x.png in Resources */ = {isa = PBXBuildFile; fileRef = B73E671B17F33FA200C8F1DC /* Default@2x.png */; };
		B73E671E17F33FA200C8F1DC /* Default-568h@2x.png in Resources */ = {isa = PBXBuildFile; fileRef = B73E671D17F33FA200C8F1DC /* Default-568h@2x.png */; };
		B73E672117F33FA200C8F1DC /* MainStoryboard.storyboard in Resources */ = {isa = PBXBuildFile; fileRef = B73E671F17F33FA200C8F1DC /* MainStoryboard.storyboard */; };
		B73E672417F33FA200C8F1DC /* ViewController.m in Sources */ = {isa = PBXBuildFile; fileRef = B73E672317F33FA200C8F1DC /* ViewController.m */; };
		B73E672D17F3457700C8F1DC /* ForTutorialViewController.m in Sources */ = {isa = PBXBuildFile; fileRef = B73E672B17F3457700C8F1DC /* ForTutorialViewController.m */; };
		B73E67611805C3CA00C8F1DC /* variabledef.png in Resources */ = {isa = PBXBuildFile; fileRef = B73E67601805C3CA00C8F1DC /* variabledef.png */; };
		B73E67631805C90000C8F1DC /* controldef.png in Resources */ = {isa = PBXBuildFile; fileRef = B73E67621805C90000C8F1DC /* controldef.png */; };
		B73E6765180654EC00C8F1DC /* iterationdef.png in Resources */ = {isa = PBXBuildFile; fileRef = B73E6764180654EB00C8F1DC /* iterationdef.png */; };
		B73E67671806565B00C8F1DC /* StatementImage.png in Resources */ = {isa = PBXBuildFile; fileRef = B73E67661806565B00C8F1DC /* StatementImage.png */; };
/* End PBXBuildFile section */

/* Begin PBXFileReference section */
		2F8125DB18139C6800A07D20 /* Level.h */ = {isa = PBXFileReference; fileEncoding = 4; lastKnownFileType = sourcecode.c.h; path = Level.h; sourceTree = "<group>"; };
		2F8125DC18139C6800A07D20 /* Level.m */ = {isa = PBXFileReference; fileEncoding = 4; lastKnownFileType = sourcecode.c.objc; path = Level.m; sourceTree = "<group>"; };
		2F90BC951814C1E3008FEF78 /* AnswerLabel.h */ = {isa = PBXFileReference; fileEncoding = 4; lastKnownFileType = sourcecode.c.h; path = AnswerLabel.h; sourceTree = "<group>"; };
		2F90BC961814C1E3008FEF78 /* AnswerLabel.m */ = {isa = PBXFileReference; fileEncoding = 4; lastKnownFileType = sourcecode.c.objc; path = AnswerLabel.m; sourceTree = "<group>"; };
		2F9ADA7B180E18C0003054BE /* logo.png */ = {isa = PBXFileReference; lastKnownFileType = image.png; path = logo.png; sourceTree = "<group>"; };
		2FB31BBD181C960500773898 /* feedback_wrong.png */ = {isa = PBXFileReference; lastKnownFileType = image.png; path = feedback_wrong.png; sourceTree = "<group>"; };
		2FEBB174181B194D007596FD /* icon_ipad_nonretina.png */ = {isa = PBXFileReference; lastKnownFileType = image.png; path = icon_ipad_nonretina.png; sourceTree = "<group>"; };
		2FEBB177181B20A4007596FD /* feedback_correct.png */ = {isa = PBXFileReference; lastKnownFileType = image.png; path = feedback_correct.png; sourceTree = "<group>"; };
		2FEBB179181B2E21007596FD /* PopUpViewController.h */ = {isa = PBXFileReference; fileEncoding = 4; lastKnownFileType = sourcecode.c.h; path = PopUpViewController.h; sourceTree = "<group>"; };
		2FEBB17A181B2E21007596FD /* PopUpViewController.m */ = {isa = PBXFileReference; fileEncoding = 4; lastKnownFileType = sourcecode.c.objc; path = PopUpViewController.m; sourceTree = "<group>"; };
		2FEC98C1180CE81300F874D2 /* PracticeLevelViewController.h */ = {isa = PBXFileReference; fileEncoding = 4; lastKnownFileType = sourcecode.c.h; path = PracticeLevelViewController.h; sourceTree = "<group>"; };
		2FEC98C2180CE81300F874D2 /* PracticeLevelViewController.m */ = {isa = PBXFileReference; fileEncoding = 4; lastKnownFileType = sourcecode.c.objc; path = PracticeLevelViewController.m; sourceTree = "<group>"; };
		9C0691B1184CDBD200472680 /* icon_ipad_retina152.png */ = {isa = PBXFileReference; lastKnownFileType = image.png; path = icon_ipad_retina152.png; sourceTree = "<group>"; };
		9C0691B2184CDBD200472680 /* icon_ipad_retina144.png */ = {isa = PBXFileReference; lastKnownFileType = image.png; path = icon_ipad_retina144.png; sourceTree = "<group>"; };
		9C0691B3184CDBD200472680 /* icon_ipad_nonretina72.png */ = {isa = PBXFileReference; lastKnownFileType = image.png; path = icon_ipad_nonretina72.png; sourceTree = "<group>"; };
		9C0691B8184CDBF600472680 /* Default-Portrait@2x~ipad.png */ = {isa = PBXFileReference; lastKnownFileType = image.png; path = "Default-Portrait@2x~ipad.png"; sourceTree = "<group>"; };
		9C0691B9184CDBF600472680 /* Default~ipad.png */ = {isa = PBXFileReference; lastKnownFileType = image.png; path = "Default~ipad.png"; sourceTree = "<group>"; };
		9C0691BA184CDBF600472680 /* Default-Portrait@2x.png */ = {isa = PBXFileReference; lastKnownFileType = image.png; path = "Default-Portrait@2x.png"; sourceTree = "<group>"; };
		9C0691BB184CDBF600472680 /* launchimage_portrait_ipad_nonretina768.png */ = {isa = PBXFileReference; lastKnownFileType = image.png; path = launchimage_portrait_ipad_nonretina768.png; sourceTree = "<group>"; };
		9C0691C0184CDD7800472680 /* launchimage_portrait_ipad_retina1536.png */ = {isa = PBXFileReference; lastKnownFileType = image.png; path = launchimage_portrait_ipad_retina1536.png; sourceTree = "<group>"; };
		B738E6A1182A7C4C0059E598 /* iterationImage2.png */ = {isa = PBXFileReference; lastKnownFileType = image.png; path = iterationImage2.png; sourceTree = "<group>"; };
		B738E6A5182A7C9C0059E598 /* bodyImage2.png */ = {isa = PBXFileReference; lastKnownFileType = image.png; path = bodyImage2.png; sourceTree = "<group>"; };
		B738E6A6182A7C9C0059E598 /* conditionImage2.png */ = {isa = PBXFileReference; lastKnownFileType = image.png; path = conditionImage2.png; sourceTree = "<group>"; };
		B738E6A9182A7DEA0059E598 /* initializerImage2.png */ = {isa = PBXFileReference; lastKnownFileType = image.png; path = initializerImage2.png; sourceTree = "<group>"; };
		B73E670417F33FA200C8F1DC /* Intro to Loops.app */ = {isa = PBXFileReference; explicitFileType = wrapper.application; includeInIndex = 0; path = "Intro to Loops.app"; sourceTree = BUILT_PRODUCTS_DIR; };
		B73E670717F33FA200C8F1DC /* UIKit.framework */ = {isa = PBXFileReference; lastKnownFileType = wrapper.framework; name = UIKit.framework; path = System/Library/Frameworks/UIKit.framework; sourceTree = SDKROOT; };
		B73E670917F33FA200C8F1DC /* Foundation.framework */ = {isa = PBXFileReference; lastKnownFileType = wrapper.framework; name = Foundation.framework; path = System/Library/Frameworks/Foundation.framework; sourceTree = SDKROOT; };
		B73E670B17F33FA200C8F1DC /* CoreGraphics.framework */ = {isa = PBXFileReference; lastKnownFileType = wrapper.framework; name = CoreGraphics.framework; path = System/Library/Frameworks/CoreGraphics.framework; sourceTree = SDKROOT; };
		B73E670F17F33FA200C8F1DC /* forloops-Info.plist */ = {isa = PBXFileReference; lastKnownFileType = text.plist.xml; path = "forloops-Info.plist"; sourceTree = "<group>"; };
		B73E671117F33FA200C8F1DC /* en */ = {isa = PBXFileReference; lastKnownFileType = text.plist.strings; name = en; path = en.lproj/InfoPlist.strings; sourceTree = "<group>"; };
		B73E671317F33FA200C8F1DC /* main.m */ = {isa = PBXFileReference; lastKnownFileType = sourcecode.c.objc; path = main.m; sourceTree = "<group>"; };
		B73E671517F33FA200C8F1DC /* forloops-Prefix.pch */ = {isa = PBXFileReference; lastKnownFileType = sourcecode.c.h; path = "forloops-Prefix.pch"; sourceTree = "<group>"; };
		B73E671617F33FA200C8F1DC /* AppDelegate.h */ = {isa = PBXFileReference; lastKnownFileType = sourcecode.c.h; path = AppDelegate.h; sourceTree = "<group>"; };
		B73E671717F33FA200C8F1DC /* AppDelegate.m */ = {isa = PBXFileReference; lastKnownFileType = sourcecode.c.objc; path = AppDelegate.m; sourceTree = "<group>"; };
		B73E671917F33FA200C8F1DC /* Default.png */ = {isa = PBXFileReference; lastKnownFileType = image.png; path = Default.png; sourceTree = "<group>"; };
		B73E671B17F33FA200C8F1DC /* Default@2x.png */ = {isa = PBXFileReference; lastKnownFileType = image.png; path = "Default@2x.png"; sourceTree = "<group>"; };
		B73E671D17F33FA200C8F1DC /* Default-568h@2x.png */ = {isa = PBXFileReference; lastKnownFileType = image.png; path = "Default-568h@2x.png"; sourceTree = "<group>"; };
		B73E672017F33FA200C8F1DC /* en */ = {isa = PBXFileReference; lastKnownFileType = file.storyboard; name = en; path = en.lproj/MainStoryboard.storyboard; sourceTree = "<group>"; };
		B73E672217F33FA200C8F1DC /* ViewController.h */ = {isa = PBXFileReference; lastKnownFileType = sourcecode.c.h; path = ViewController.h; sourceTree = "<group>"; };
		B73E672317F33FA200C8F1DC /* ViewController.m */ = {isa = PBXFileReference; lastKnownFileType = sourcecode.c.objc; path = ViewController.m; sourceTree = "<group>"; };
		B73E672A17F3457700C8F1DC /* ForTutorialViewController.h */ = {isa = PBXFileReference; fileEncoding = 4; lastKnownFileType = sourcecode.c.h; path = ForTutorialViewController.h; sourceTree = "<group>"; };
		B73E672B17F3457700C8F1DC /* ForTutorialViewController.m */ = {isa = PBXFileReference; fileEncoding = 4; lastKnownFileType = sourcecode.c.objc; path = ForTutorialViewController.m; sourceTree = "<group>"; };
		B73E67601805C3CA00C8F1DC /* variabledef.png */ = {isa = PBXFileReference; lastKnownFileType = image.png; path = variabledef.png; sourceTree = "<group>"; };
		B73E67621805C90000C8F1DC /* controldef.png */ = {isa = PBXFileReference; lastKnownFileType = image.png; path = controldef.png; sourceTree = "<group>"; };
		B73E6764180654EB00C8F1DC /* iterationdef.png */ = {isa = PBXFileReference; lastKnownFileType = image.png; path = iterationdef.png; sourceTree = "<group>"; };
		B73E67661806565B00C8F1DC /* StatementImage.png */ = {isa = PBXFileReference; lastKnownFileType = image.png; path = StatementImage.png; sourceTree = "<group>"; };
/* End PBXFileReference section */

/* Begin PBXFrameworksBuildPhase section */
		B73E670117F33FA200C8F1DC /* Frameworks */ = {
			isa = PBXFrameworksBuildPhase;
			buildActionMask = 2147483647;
			files = (
				B73E670817F33FA200C8F1DC /* UIKit.framework in Frameworks */,
				B73E670A17F33FA200C8F1DC /* Foundation.framework in Frameworks */,
				B73E670C17F33FA200C8F1DC /* CoreGraphics.framework in Frameworks */,
			);
			runOnlyForDeploymentPostprocessing = 0;
		};
/* End PBXFrameworksBuildPhase section */

/* Begin PBXGroup section */
		2FEBB173181B1632007596FD /* icons */ = {
			isa = PBXGroup;
			children = (
				9C0691B1184CDBD200472680 /* icon_ipad_retina152.png */,
				9C0691B2184CDBD200472680 /* icon_ipad_retina144.png */,
				9C0691B3184CDBD200472680 /* icon_ipad_nonretina72.png */,
				2FEBB174181B194D007596FD /* icon_ipad_nonretina.png */,
			);
			name = icons;
			sourceTree = "<group>";
		};
		2FEBB176181B2094007596FD /* feedback icons */ = {
			isa = PBXGroup;
			children = (
				2FB31BBD181C960500773898 /* feedback_wrong.png */,
				2FEBB177181B20A4007596FD /* feedback_correct.png */,
			);
			name = "feedback icons";
			sourceTree = "<group>";
		};
		2FEC98C0180CE73F00F874D2 /* Practice */ = {
			isa = PBXGroup;
			children = (
				2FEC98C1180CE81300F874D2 /* PracticeLevelViewController.h */,
				2FEC98C2180CE81300F874D2 /* PracticeLevelViewController.m */,
				2F8125DB18139C6800A07D20 /* Level.h */,
				2F8125DC18139C6800A07D20 /* Level.m */,
				2F90BC951814C1E3008FEF78 /* AnswerLabel.h */,
				2F90BC961814C1E3008FEF78 /* AnswerLabel.m */,
			);
			name = Practice;
			sourceTree = "<group>";
		};
		9C0691B7184CDBDE00472680 /* launch images */ = {
			isa = PBXGroup;
			children = (
				9C0691B8184CDBF600472680 /* Default-Portrait@2x~ipad.png */,
				9C0691B9184CDBF600472680 /* Default~ipad.png */,
				9C0691BA184CDBF600472680 /* Default-Portrait@2x.png */,
				9C0691C0184CDD7800472680 /* launchimage_portrait_ipad_retina1536.png */,
				9C0691BB184CDBF600472680 /* launchimage_portrait_ipad_nonretina768.png */,
			);
			name = "launch images";
			sourceTree = "<group>";
		};
		B738E6A0182A7C210059E598 /* loop images */ = {
			isa = PBXGroup;
			children = (
				B738E6A9182A7DEA0059E598 /* initializerImage2.png */,
				B738E6A5182A7C9C0059E598 /* bodyImage2.png */,
				B738E6A6182A7C9C0059E598 /* conditionImage2.png */,
				B738E6A1182A7C4C0059E598 /* iterationImage2.png */,
			);
			name = "loop images";
			sourceTree = "<group>";
		};
		B73E66FB17F33FA200C8F1DC = {
			isa = PBXGroup;
			children = (
				B73E670D17F33FA200C8F1DC /* forloops */,
				B73E670617F33FA200C8F1DC /* Frameworks */,
				B73E670517F33FA200C8F1DC /* Products */,
			);
			sourceTree = "<group>";
		};
		B73E670517F33FA200C8F1DC /* Products */ = {
			isa = PBXGroup;
			children = (
				B73E670417F33FA200C8F1DC /* Intro to Loops.app */,
			);
			name = Products;
			sourceTree = "<group>";
		};
		B73E670617F33FA200C8F1DC /* Frameworks */ = {
			isa = PBXGroup;
			children = (
				B73E670717F33FA200C8F1DC /* UIKit.framework */,
				B73E670917F33FA200C8F1DC /* Foundation.framework */,
				B73E670B17F33FA200C8F1DC /* CoreGraphics.framework */,
			);
			name = Frameworks;
			sourceTree = "<group>";
		};
		B73E670D17F33FA200C8F1DC /* forloops */ = {
			isa = PBXGroup;
			children = (
				2FEC98C0180CE73F00F874D2 /* Practice */,
				B73E672A17F3457700C8F1DC /* ForTutorialViewController.h */,
				B73E672B17F3457700C8F1DC /* ForTutorialViewController.m */,
				B73E671617F33FA200C8F1DC /* AppDelegate.h */,
				2FEBB179181B2E21007596FD /* PopUpViewController.h */,
				2FEBB17A181B2E21007596FD /* PopUpViewController.m */,
				B73E671717F33FA200C8F1DC /* AppDelegate.m */,
				B73E671F17F33FA200C8F1DC /* MainStoryboard.storyboard */,
				B73E672217F33FA200C8F1DC /* ViewController.h */,
				B73E672317F33FA200C8F1DC /* ViewController.m */,
				B73E670E17F33FA200C8F1DC /* Supporting Files */,
			);
			path = forloops;
			sourceTree = "<group>";
		};
		B73E670E17F33FA200C8F1DC /* Supporting Files */ = {
			isa = PBXGroup;
			children = (
				9C0691B7184CDBDE00472680 /* launch images */,
				B738E6A0182A7C210059E598 /* loop images */,
				2FEBB173181B1632007596FD /* icons */,
				2F9ADA7B180E18C0003054BE /* logo.png */,
				2FEBB176181B2094007596FD /* feedback icons */,
				B73E67661806565B00C8F1DC /* StatementImage.png */,
				B73E6764180654EB00C8F1DC /* iterationdef.png */,
				B73E67621805C90000C8F1DC /* controldef.png */,
				B73E67601805C3CA00C8F1DC /* variabledef.png */,
				B73E670F17F33FA200C8F1DC /* forloops-Info.plist */,
				B73E671017F33FA200C8F1DC /* InfoPlist.strings */,
				B73E671317F33FA200C8F1DC /* main.m */,
				B73E671517F33FA200C8F1DC /* forloops-Prefix.pch */,
				B73E671917F33FA200C8F1DC /* Default.png */,
				B73E671B17F33FA200C8F1DC /* Default@2x.png */,
				B73E671D17F33FA200C8F1DC /* Default-568h@2x.png */,
			);
			name = "Supporting Files";
			sourceTree = "<group>";
		};
/* End PBXGroup section */

/* Begin PBXNativeTarget section */
		B73E670317F33FA200C8F1DC /* forloops */ = {
			isa = PBXNativeTarget;
			buildConfigurationList = B73E672717F33FA200C8F1DC /* Build configuration list for PBXNativeTarget "forloops" */;
			buildPhases = (
				B73E670017F33FA200C8F1DC /* Sources */,
				B73E670117F33FA200C8F1DC /* Frameworks */,
				B73E670217F33FA200C8F1DC /* Resources */,
			);
			buildRules = (
			);
			dependencies = (
			);
			name = forloops;
			productName = forloops;
			productReference = B73E670417F33FA200C8F1DC /* Intro to Loops.app */;
			productType = "com.apple.product-type.application";
		};
/* End PBXNativeTarget section */

/* Begin PBXProject section */
		B73E66FC17F33FA200C8F1DC /* Project object */ = {
			isa = PBXProject;
			attributes = {
				LastUpgradeCheck = 0460;
				ORGANIZATIONNAME = "leo Hernandez";
				TargetAttributes = {
					B73E670317F33FA200C8F1DC = {
						DevelopmentTeam = 7WZVBNRRU3;
					};
				};
			};
			buildConfigurationList = B73E66FF17F33FA200C8F1DC /* Build configuration list for PBXProject "forloops" */;
			compatibilityVersion = "Xcode 3.2";
			developmentRegion = English;
			hasScannedForEncodings = 0;
			knownRegions = (
				en,
			);
			mainGroup = B73E66FB17F33FA200C8F1DC;
			productRefGroup = B73E670517F33FA200C8F1DC /* Products */;
			projectDirPath = "";
			projectRoot = "";
			targets = (
				B73E670317F33FA200C8F1DC /* forloops */,
			);
		};
/* End PBXProject section */

/* Begin PBXResourcesBuildPhase section */
		B73E670217F33FA200C8F1DC /* Resources */ = {
			isa = PBXResourcesBuildPhase;
			buildActionMask = 2147483647;
			files = (
				B73E671217F33FA200C8F1DC /* InfoPlist.strings in Resources */,
				9C0691B5184CDBD200472680 /* icon_ipad_retina144.png in Resources */,
				B738E6AA182A7DEA0059E598 /* initializerImage2.png in Resources */,
				9C0691B4184CDBD200472680 /* icon_ipad_retina152.png in Resources */,
				B738E6A7182A7C9C0059E598 /* bodyImage2.png in Resources */,
				9C0691BC184CDBF600472680 /* Default-Portrait@2x~ipad.png in Resources */,
				9C0691BF184CDBF600472680 /* launchimage_portrait_ipad_nonretina768.png in Resources */,
				B73E671A17F33FA200C8F1DC /* Default.png in Resources */,
				B73E671C17F33FA200C8F1DC /* Default@2x.png in Resources */,
				B73E671E17F33FA200C8F1DC /* Default-568h@2x.png in Resources */,
				9C0691B6184CDBD200472680 /* icon_ipad_nonretina72.png in Resources */,
				B73E672117F33FA200C8F1DC /* MainStoryboard.storyboard in Resources */,
				B73E67611805C3CA00C8F1DC /* variabledef.png in Resources */,
				9C0691BD184CDBF600472680 /* Default~ipad.png in Resources */,
				B73E67631805C90000C8F1DC /* controldef.png in Resources */,
				2FEBB175181B194D007596FD /* icon_ipad_nonretina.png in Resources */,
				B73E6765180654EC00C8F1DC /* iterationdef.png in Resources */,
				B73E67671806565B00C8F1DC /* StatementImage.png in Resources */,
				2FEBB178181B20A4007596FD /* feedback_correct.png in Resources */,
				2FB31BBE181C960500773898 /* feedback_wrong.png in Resources */,
				2F9ADA7C180E18C0003054BE /* logo.png in Resources */,
				9C0691C1184CDD7800472680 /* launchimage_portrait_ipad_retina1536.png in Resources */,
				B738E6A2182A7C4C0059E598 /* iterationImage2.png in Resources */,
				B738E6A8182A7C9C0059E598 /* conditionImage2.png in Resources */,
				9C0691BE184CDBF600472680 /* Default-Portrait@2x.png in Resources */,
			);
			runOnlyForDeploymentPostprocessing = 0;
		};
/* End PBXResourcesBuildPhase section */

/* Begin PBXSourcesBuildPhase section */
		B73E670017F33FA200C8F1DC /* Sources */ = {
			isa = PBXSourcesBuildPhase;
			buildActionMask = 2147483647;
			files = (
				B73E671417F33FA200C8F1DC /* main.m in Sources */,
				B73E671817F33FA200C8F1DC /* AppDelegate.m in Sources */,
				B73E672417F33FA200C8F1DC /* ViewController.m in Sources */,
				2FEBB17B181B2E21007596FD /* PopUpViewController.m in Sources */,
				B73E672D17F3457700C8F1DC /* ForTutorialViewController.m in Sources */,
				2FEC98C3180CE81300F874D2 /* PracticeLevelViewController.m in Sources */,
				2F8125DD18139C6800A07D20 /* Level.m in Sources */,
				2F90BC971814C1E3008FEF78 /* AnswerLabel.m in Sources */,
			);
			runOnlyForDeploymentPostprocessing = 0;
		};
/* End PBXSourcesBuildPhase section */

/* Begin PBXVariantGroup section */
		B73E671017F33FA200C8F1DC /* InfoPlist.strings */ = {
			isa = PBXVariantGroup;
			children = (
				B73E671117F33FA200C8F1DC /* en */,
			);
			name = InfoPlist.strings;
			sourceTree = "<group>";
		};
		B73E671F17F33FA200C8F1DC /* MainStoryboard.storyboard */ = {
			isa = PBXVariantGroup;
			children = (
				B73E672017F33FA200C8F1DC /* en */,
			);
			name = MainStoryboard.storyboard;
			sourceTree = "<group>";
		};
/* End PBXVariantGroup section */

/* Begin XCBuildConfiguration section */
		B73E672517F33FA200C8F1DC /* Debug */ = {
			isa = XCBuildConfiguration;
			buildSettings = {
				ALWAYS_SEARCH_USER_PATHS = NO;
				CLANG_CXX_LANGUAGE_STANDARD = "gnu++0x";
				CLANG_CXX_LIBRARY = "libc++";
				CLANG_ENABLE_OBJC_ARC = YES;
				CLANG_WARN_CONSTANT_CONVERSION = YES;
				CLANG_WARN_EMPTY_BODY = YES;
				CLANG_WARN_ENUM_CONVERSION = YES;
				CLANG_WARN_INT_CONVERSION = YES;
				CLANG_WARN__DUPLICATE_METHOD_MATCH = YES;
				"CODE_SIGN_IDENTITY[sdk=iphoneos*]" = "iPhone Developer";
				COPY_PHASE_STRIP = NO;
				GCC_C_LANGUAGE_STANDARD = gnu99;
				GCC_DYNAMIC_NO_PIC = NO;
				GCC_OPTIMIZATION_LEVEL = 0;
				GCC_PREPROCESSOR_DEFINITIONS = (
					"DEBUG=1",
					"$(inherited)",
				);
				GCC_SYMBOLS_PRIVATE_EXTERN = NO;
				GCC_WARN_ABOUT_RETURN_TYPE = YES;
				GCC_WARN_UNINITIALIZED_AUTOS = YES;
				GCC_WARN_UNUSED_VARIABLE = YES;
				IPHONEOS_DEPLOYMENT_TARGET = 6.1;
				ONLY_ACTIVE_ARCH = YES;
				PRODUCT_NAME = "Intro to Loops";
				SDKROOT = iphoneos;
				TARGETED_DEVICE_FAMILY = 2;
			};
			name = Debug;
		};
		B73E672617F33FA200C8F1DC /* Release */ = {
			isa = XCBuildConfiguration;
			buildSettings = {
				ALWAYS_SEARCH_USER_PATHS = NO;
				CLANG_CXX_LANGUAGE_STANDARD = "gnu++0x";
				CLANG_CXX_LIBRARY = "libc++";
				CLANG_ENABLE_OBJC_ARC = YES;
				CLANG_WARN_CONSTANT_CONVERSION = YES;
				CLANG_WARN_EMPTY_BODY = YES;
				CLANG_WARN_ENUM_CONVERSION = YES;
				CLANG_WARN_INT_CONVERSION = YES;
				CLANG_WARN__DUPLICATE_METHOD_MATCH = YES;
				"CODE_SIGN_IDENTITY[sdk=iphoneos*]" = "iPhone Developer";
				COPY_PHASE_STRIP = YES;
				GCC_C_LANGUAGE_STANDARD = gnu99;
				GCC_WARN_ABOUT_RETURN_TYPE = YES;
				GCC_WARN_UNINITIALIZED_AUTOS = YES;
				GCC_WARN_UNUSED_VARIABLE = YES;
				IPHONEOS_DEPLOYMENT_TARGET = 6.1;
				OTHER_CFLAGS = "-DNS_BLOCK_ASSERTIONS=1";
				PRODUCT_NAME = "Intro to Loops";
				SDKROOT = iphoneos;
				TARGETED_DEVICE_FAMILY = 2;
				VALIDATE_PRODUCT = YES;
			};
			name = Release;
		};
		B73E672817F33FA200C8F1DC /* Debug */ = {
			isa = XCBuildConfiguration;
			buildSettings = {
				CODE_SIGN_IDENTITY = "iPhone Developer";
				"CODE_SIGN_IDENTITY[sdk=iphoneos*]" = "iPhone Developer";
				GCC_PRECOMPILE_PREFIX_HEADER = YES;
				GCC_PREFIX_HEADER = "forloops/forloops-Prefix.pch";
				INFOPLIST_FILE = "forloops/forloops-Info.plist";
				PRODUCT_NAME = "Intro to Loops";
				PROVISIONING_PROFILE = "";
				TARGETED_DEVICE_FAMILY = 2;
				WRAPPER_EXTENSION = app;
			};
			name = Debug;
		};
		B73E672917F33FA200C8F1DC /* Release */ = {
			isa = XCBuildConfiguration;
			buildSettings = {
				CODE_SIGN_IDENTITY = "iPhone Developer";
				"CODE_SIGN_IDENTITY[sdk=iphoneos*]" = "iPhone Developer";
				GCC_PRECOMPILE_PREFIX_HEADER = YES;
				GCC_PREFIX_HEADER = "forloops/forloops-Prefix.pch";
				INFOPLIST_FILE = "forloops/forloops-Info.plist";
				PRODUCT_NAME = "Intro to Loops";
				PROVISIONING_PROFILE = "";
				TARGETED_DEVICE_FAMILY = 2;
				WRAPPER_EXTENSION = app;
			};
			name = Release;
		};
/* End XCBuildConfiguration section */

/* Begin XCConfigurationList section */
		B73E66FF17F33FA200C8F1DC /* Build configuration list for PBXProject "forloops" */ = {
			isa = XCConfigurationList;
			buildConfigurations = (
				B73E672517F33FA200C8F1DC /* Debug */,
				B73E672617F33FA200C8F1DC /* Release */,
			);
			defaultConfigurationIsVisible = 0;
			defaultConfigurationName = Release;
		};
		B73E672717F33FA200C8F1DC /* Build configuration list for PBXNativeTarget "forloops" */ = {
			isa = XCConfigurationList;
			buildConfigurations = (
				B73E672817F33FA200C8F1DC /* Debug */,
				B73E672917F33FA200C8F1DC /* Release */,
			);
			defaultConfigurationIsVisible = 0;
			defaultConfigurationName = Release;
		};
/* End XCConfigurationList section */
	};
	rootObject = B73E66FC17F33FA200C8F1DC /* Project object */;
}
