// !$*UTF8*$!
{
	archiveVersion = 1;
	classes = {
	};
	objectVersion = 46;
	objects = {

/* Begin PBXBuildFile section */
		B73E670817F33FA200C8F1DC /* UIKit.framework in Frameworks */ = {isa = PBXBuildFile; fileRef = B73E670717F33FA200C8F1DC /* UIKit.framework */; };
		B73E670A17F33FA200C8F1DC /* Foundation.framework in Frameworks */ = {isa = PBXBuildFile; fileRef = B73E670917F33FA200C8F1DC /* Foundation.framework */; };
		B73E670C17F33FA200C8F1DC /* CoreGraphics.framework in Frameworks */ = {isa = PBXBuildFile; fileRef = B73E670B17F33FA200C8F1DC /* CoreGraphics.framework */; };
		B73E671217F33FA200C8F1DC /* InfoPlist.strings in Resources */ = {isa = PBXBuildFile; fileRef = B73E671017F33FA200C8F1DC /* InfoPlist.strings */; };
		B73E671417F33FA200C8F1DC /* main.m in Sources */ = {isa = PBXBuildFile; fileRef = B73E671317F33FA200C8F1DC /* main.m */; };
		B73E671817F33FA200C8F1DC /* AppDelegate.m in Sources */ = {isa = PBXBuildFile; fileRef = B73E671717F33FA200C8F1DC /* AppDelegate.m */; };
		B73E671A17F33FA200C8F1DC /* Default.png in Resources */ = {isa = PBXBuildFile; fileRef = B73E671917F33FA200C8F1DC /* Default.png */; };
		B73E671C17F33FA200C8F1DC /* Default@2x.png in Resources */ = {isa = PBXBuildFile; fileRef = B73E671B17F33FA200C8F1DC /* Default@2x.png */; };
		B73E671E17F33FA200C8F1DC /* Default-568h@2x.png in Resources */ = {isa = PBXBuildFile; fileRef = B73E671D17F33FA200C8F1DC /* Default-568h@2x.png */; };
		B73E672117F33FA200C8F1DC /* MainStoryboard.storyboard in Resources */ = {isa = PBXBuildFile; fileRef = B73E671F17F33FA200C8F1DC /* MainStoryboard.storyboard */; };
		B73E672417F33FA200C8F1DC /* ViewController.m in Sources */ = {isa = PBXBuildFile; fileRef = B73E672317F33FA200C8F1DC /* ViewController.m */; };
		B73E672D17F3457700C8F1DC /* ForTutorialViewController.m in Sources */ = {isa = PBXBuildFile; fileRef = B73E672B17F3457700C8F1DC /* ForTutorialViewController.m */; };
		B73E67611805C3CA00C8F1DC /* variabledef.png in Resources */ = {isa = PBXBuildFile; fileRef = B73E67601805C3CA00C8F1DC /* variabledef.png */; };
		B73E67631805C90000C8F1DC /* controldef.png in Resources */ = {isa = PBXBuildFile; fileRef = B73E67621805C90000C8F1DC /* controldef.png */; };
		B73E6765180654EC00C8F1DC /* iterationdef.png in Resources */ = {isa = PBXBuildFile; fileRef = B73E6764180654EB00C8F1DC /* iterationdef.png */; };
		B73E67671806565B00C8F1DC /* StatementImage.png in Resources */ = {isa = PBXBuildFile; fileRef = B73E67661806565B00C8F1DC /* StatementImage.png */; };
		B73E67691806605000C8F1DC /* initializerImage.png in Resources */ = {isa = PBXBuildFile; fileRef = B73E67681806605000C8F1DC /* initializerImage.png */; };
		B73E676B1806673D00C8F1DC /* conditionImage.png in Resources */ = {isa = PBXBuildFile; fileRef = B73E676A1806673D00C8F1DC /* conditionImage.png */; };
		B73E676D1806674300C8F1DC /* bodyimage.png in Resources */ = {isa = PBXBuildFile; fileRef = B73E676C1806674300C8F1DC /* bodyimage.png */; };
		B73E676F1806683700C8F1DC /* incrementimg.png in Resources */ = {isa = PBXBuildFile; fileRef = B73E676E1806683700C8F1DC /* incrementimg.png */; };
/* End PBXBuildFile section */

/* Begin PBXFileReference section */
		B73E670417F33FA200C8F1DC /* forloops.app */ = {isa = PBXFileReference; explicitFileType = wrapper.application; includeInIndex = 0; path = forloops.app; sourceTree = BUILT_PRODUCTS_DIR; };
		B73E670717F33FA200C8F1DC /* UIKit.framework */ = {isa = PBXFileReference; lastKnownFileType = wrapper.framework; name = UIKit.framework; path = System/Library/Frameworks/UIKit.framework; sourceTree = SDKROOT; };
		B73E670917F33FA200C8F1DC /* Foundation.framework */ = {isa = PBXFileReference; lastKnownFileType = wrapper.framework; name = Foundation.framework; path = System/Library/Frameworks/Foundation.framework; sourceTree = SDKROOT; };
		B73E670B17F33FA200C8F1DC /* CoreGraphics.framework */ = {isa = PBXFileReference; lastKnownFileType = wrapper.framework; name = CoreGraphics.framework; path = System/Library/Frameworks/CoreGraphics.framework; sourceTree = SDKROOT; };
		B73E670F17F33FA200C8F1DC /* forloops-Info.plist */ = {isa = PBXFileReference; lastKnownFileType = text.plist.xml; path = "forloops-Info.plist"; sourceTree = "<group>"; };
		B73E671117F33FA200C8F1DC /* en */ = {isa = PBXFileReference; lastKnownFileType = text.plist.strings; name = en; path = en.lproj/InfoPlist.strings; sourceTree = "<group>"; };
		B73E671317F33FA200C8F1DC /* main.m */ = {isa = PBXFileReference; lastKnownFileType = sourcecode.c.objc; path = main.m; sourceTree = "<group>"; };
		B73E671517F33FA200C8F1DC /* forloops-Prefix.pch */ = {isa = PBXFileReference; lastKnownFileType = sourcecode.c.h; path = "forloops-Prefix.pch"; sourceTree = "<group>"; };
		B73E671617F33FA200C8F1DC /* AppDelegate.h */ = {isa = PBXFileReference; lastKnownFileType = sourcecode.c.h; path = AppDelegate.h; sourceTree = "<group>"; };
		B73E671717F33FA200C8F1DC /* AppDelegate.m */ = {isa = PBXFileReference; lastKnownFileType = sourcecode.c.objc; path = AppDelegate.m; sourceTree = "<group>"; };
		B73E671917F33FA200C8F1DC /* Default.png */ = {isa = PBXFileReference; lastKnownFileType = image.png; path = Default.png; sourceTree = "<group>"; };
		B73E671B17F33FA200C8F1DC /* Default@2x.png */ = {isa = PBXFileReference; lastKnownFileType = image.png; path = "Default@2x.png"; sourceTree = "<group>"; };
		B73E671D17F33FA200C8F1DC /* Default-568h@2x.png */ = {isa = PBXFileReference; lastKnownFileType = image.png; path = "Default-568h@2x.png"; sourceTree = "<group>"; };
		B73E672017F33FA200C8F1DC /* en */ = {isa = PBXFileReference; lastKnownFileType = file.storyboard; name = en; path = en.lproj/MainStoryboard.storyboard; sourceTree = "<group>"; };
		B73E672217F33FA200C8F1DC /* ViewController.h */ = {isa = PBXFileReference; lastKnownFileType = sourcecode.c.h; path = ViewController.h; sourceTree = "<group>"; };
		B73E672317F33FA200C8F1DC /* ViewController.m */ = {isa = PBXFileReference; lastKnownFileType = sourcecode.c.objc; path = ViewController.m; sourceTree = "<group>"; };
		B73E672A17F3457700C8F1DC /* ForTutorialViewController.h */ = {isa = PBXFileReference; fileEncoding = 4; lastKnownFileType = sourcecode.c.h; path = ForTutorialViewController.h; sourceTree = "<group>"; };
		B73E672B17F3457700C8F1DC /* ForTutorialViewController.m */ = {isa = PBXFileReference; fileEncoding = 4; lastKnownFileType = sourcecode.c.objc; path = ForTutorialViewController.m; sourceTree = "<group>"; };
		B73E67601805C3CA00C8F1DC /* variabledef.png */ = {isa = PBXFileReference; lastKnownFileType = image.png; path = variabledef.png; sourceTree = "<group>"; };
		B73E67621805C90000C8F1DC /* controldef.png */ = {isa = PBXFileReference; lastKnownFileType = image.png; path = controldef.png; sourceTree = "<group>"; };
		B73E6764180654EB00C8F1DC /* iterationdef.png */ = {isa = PBXFileReference; lastKnownFileType = image.png; path = iterationdef.png; sourceTree = "<group>"; };
		B73E67661806565B00C8F1DC /* StatementImage.png */ = {isa = PBXFileReference; lastKnownFileType = image.png; path = StatementImage.png; sourceTree = "<group>"; };
		B73E67681806605000C8F1DC /* initializerImage.png */ = {isa = PBXFileReference; lastKnownFileType = image.png; path = initializerImage.png; sourceTree = "<group>"; };
		B73E676A1806673D00C8F1DC /* conditionImage.png */ = {isa = PBXFileReference; lastKnownFileType = image.png; path = conditionImage.png; sourceTree = "<group>"; };
		B73E676C1806674300C8F1DC /* bodyimage.png */ = {isa = PBXFileReference; lastKnownFileType = image.png; path = bodyimage.png; sourceTree = "<group>"; };
		B73E676E1806683700C8F1DC /* incrementimg.png */ = {isa = PBXFileReference; lastKnownFileType = image.png; path = incrementimg.png; sourceTree = "<group>"; };
/* End PBXFileReference section */

/* Begin PBXFrameworksBuildPhase section */
		B73E670117F33FA200C8F1DC /* Frameworks */ = {
			isa = PBXFrameworksBuildPhase;
			buildActionMask = 2147483647;
			files = (
				B73E670817F33FA200C8F1DC /* UIKit.framework in Frameworks */,
				B73E670A17F33FA200C8F1DC /* Foundation.framework in Frameworks */,
				B73E670C17F33FA200C8F1DC /* CoreGraphics.framework in Frameworks */,
			);
			runOnlyForDeploymentPostprocessing = 0;
		};
/* End PBXFrameworksBuildPhase section */

/* Begin PBXGroup section */
		B73E66FB17F33FA200C8F1DC = {
			isa = PBXGroup;
			children = (
				B73E670D17F33FA200C8F1DC /* forloops */,
				B73E670617F33FA200C8F1DC /* Frameworks */,
				B73E670517F33FA200C8F1DC /* Products */,
			);
			sourceTree = "<group>";
		};
		B73E670517F33FA200C8F1DC /* Products */ = {
			isa = PBXGroup;
			children = (
				B73E670417F33FA200C8F1DC /* forloops.app */,
			);
			name = Products;
			sourceTree = "<group>";
		};
		B73E670617F33FA200C8F1DC /* Frameworks */ = {
			isa = PBXGroup;
			children = (
				B73E670717F33FA200C8F1DC /* UIKit.framework */,
				B73E670917F33FA200C8F1DC /* Foundation.framework */,
				B73E670B17F33FA200C8F1DC /* CoreGraphics.framework */,
			);
			name = Frameworks;
			sourceTree = "<group>";
		};
		B73E670D17F33FA200C8F1DC /* forloops */ = {
			isa = PBXGroup;
			children = (
				B73E672A17F3457700C8F1DC /* ForTutorialViewController.h */,
				B73E672B17F3457700C8F1DC /* ForTutorialViewController.m */,
				B73E671617F33FA200C8F1DC /* AppDelegate.h */,
				B73E671717F33FA200C8F1DC /* AppDelegate.m */,
				B73E671F17F33FA200C8F1DC /* MainStoryboard.storyboard */,
				B73E672217F33FA200C8F1DC /* ViewController.h */,
				B73E672317F33FA200C8F1DC /* ViewController.m */,
				B73E670E17F33FA200C8F1DC /* Supporting Files */,
			);
			path = forloops;
			sourceTree = "<group>";
		};
		B73E670E17F33FA200C8F1DC /* Supporting Files */ = {
			isa = PBXGroup;
			children = (
				B73E676E1806683700C8F1DC /* incrementimg.png */,
				B73E676C1806674300C8F1DC /* bodyimage.png */,
				B73E676A1806673D00C8F1DC /* conditionImage.png */,
				B73E67681806605000C8F1DC /* initializerImage.png */,
				B73E67661806565B00C8F1DC /* StatementImage.png */,
				B73E6764180654EB00C8F1DC /* iterationdef.png */,
				B73E67621805C90000C8F1DC /* controldef.png */,
				B73E67601805C3CA00C8F1DC /* variabledef.png */,
				B73E670F17F33FA200C8F1DC /* forloops-Info.plist */,
				B73E671017F33FA200C8F1DC /* InfoPlist.strings */,
				B73E671317F33FA200C8F1DC /* main.m */,
				B73E671517F33FA200C8F1DC /* forloops-Prefix.pch */,
				B73E671917F33FA200C8F1DC /* Default.png */,
				B73E671B17F33FA200C8F1DC /* Default@2x.png */,
				B73E671D17F33FA200C8F1DC /* Default-568h@2x.png */,
			);
			name = "Supporting Files";
			sourceTree = "<group>";
		};
/* End PBXGroup section */

/* Begin PBXNativeTarget section */
		B73E670317F33FA200C8F1DC /* forloops */ = {
			isa = PBXNativeTarget;
			buildConfigurationList = B73E672717F33FA200C8F1DC /* Build configuration list for PBXNativeTarget "forloops" */;
			buildPhases = (
				B73E670017F33FA200C8F1DC /* Sources */,
				B73E670117F33FA200C8F1DC /* Frameworks */,
				B73E670217F33FA200C8F1DC /* Resources */,
			);
			buildRules = (
			);
			dependencies = (
			);
			name = forloops;
			productName = forloops;
			productReference = B73E670417F33FA200C8F1DC /* forloops.app */;
			productType = "com.apple.product-type.application";
		};
/* End PBXNativeTarget section */

/* Begin PBXProject section */
		B73E66FC17F33FA200C8F1DC /* Project object */ = {
			isa = PBXProject;
			attributes = {
				LastUpgradeCheck = 0460;
				ORGANIZATIONNAME = "leo Hernandez";
			};
			buildConfigurationList = B73E66FF17F33FA200C8F1DC /* Build configuration list for PBXProject "forloops" */;
			compatibilityVersion = "Xcode 3.2";
			developmentRegion = English;
			hasScannedForEncodings = 0;
			knownRegions = (
				en,
			);
			mainGroup = B73E66FB17F33FA200C8F1DC;
			productRefGroup = B73E670517F33FA200C8F1DC /* Products */;
			projectDirPath = "";
			projectRoot = "";
			targets = (
				B73E670317F33FA200C8F1DC /* forloops */,
			);
		};
/* End PBXProject section */

/* Begin PBXResourcesBuildPhase section */
		B73E670217F33FA200C8F1DC /* Resources */ = {
			isa = PBXResourcesBuildPhase;
			buildActionMask = 2147483647;
			files = (
				B73E671217F33FA200C8F1DC /* InfoPlist.strings in Resources */,
				B73E671A17F33FA200C8F1DC /* Default.png in Resources */,
				B73E671C17F33FA200C8F1DC /* Default@2x.png in Resources */,
				B73E671E17F33FA200C8F1DC /* Default-568h@2x.png in Resources */,
				B73E672117F33FA200C8F1DC /* MainStoryboard.storyboard in Resources */,
				B73E67611805C3CA00C8F1DC /* variabledef.png in Resources */,
				B73E67631805C90000C8F1DC /* controldef.png in Resources */,
				B73E6765180654EC00C8F1DC /* iterationdef.png in Resources */,
				B73E67671806565B00C8F1DC /* StatementImage.png in Resources */,
				B73E67691806605000C8F1DC /* initializerImage.png in Resources */,
				B73E676B1806673D00C8F1DC /* conditionImage.png in Resources */,
				B73E676D1806674300C8F1DC /* bodyimage.png in Resources */,
				B73E676F1806683700C8F1DC /* incrementimg.png in Resources */,
			);
			runOnlyForDeploymentPostprocessing = 0;
		};
/* End PBXResourcesBuildPhase section */

/* Begin PBXSourcesBuildPhase section */
		B73E670017F33FA200C8F1DC /* Sources */ = {
			isa = PBXSourcesBuildPhase;
			buildActionMask = 2147483647;
			files = (
				B73E671417F33FA200C8F1DC /* main.m in Sources */,
				B73E671817F33FA200C8F1DC /* AppDelegate.m in Sources */,
				B73E672417F33FA200C8F1DC /* ViewController.m in Sources */,
				B73E672D17F3457700C8F1DC /* ForTutorialViewController.m in Sources */,
			);
			runOnlyForDeploymentPostprocessing = 0;
		};
/* End PBXSourcesBuildPhase section */

/* Begin PBXVariantGroup section */
		B73E671017F33FA200C8F1DC /* InfoPlist.strings */ = {
			isa = PBXVariantGroup;
			children = (
				B73E671117F33FA200C8F1DC /* en */,
			);
			name = InfoPlist.strings;
			sourceTree = "<group>";
		};
		B73E671F17F33FA200C8F1DC /* MainStoryboard.storyboard */ = {
			isa = PBXVariantGroup;
			children = (
				B73E672017F33FA200C8F1DC /* en */,
			);
			name = MainStoryboard.storyboard;
			sourceTree = "<group>";
		};
/* End PBXVariantGroup section */

/* Begin XCBuildConfiguration section */
		B73E672517F33FA200C8F1DC /* Debug */ = {
			isa = XCBuildConfiguration;
			buildSettings = {
				ALWAYS_SEARCH_USER_PATHS = NO;
				CLANG_CXX_LANGUAGE_STANDARD = "gnu++0x";
				CLANG_CXX_LIBRARY = "libc++";
				CLANG_ENABLE_OBJC_ARC = YES;
				CLANG_WARN_CONSTANT_CONVERSION = YES;
				CLANG_WARN_EMPTY_BODY = YES;
				CLANG_WARN_ENUM_CONVERSION = YES;
				CLANG_WARN_INT_CONVERSION = YES;
				CLANG_WARN__DUPLICATE_METHOD_MATCH = YES;
				"CODE_SIGN_IDENTITY[sdk=iphoneos*]" = "iPhone Developer";
				COPY_PHASE_STRIP = NO;
				GCC_C_LANGUAGE_STANDARD = gnu99;
				GCC_DYNAMIC_NO_PIC = NO;
				GCC_OPTIMIZATION_LEVEL = 0;
				GCC_PREPROCESSOR_DEFINITIONS = (
					"DEBUG=1",
					"$(inherited)",
				);
				GCC_SYMBOLS_PRIVATE_EXTERN = NO;
				GCC_WARN_ABOUT_RETURN_TYPE = YES;
				GCC_WARN_UNINITIALIZED_AUTOS = YES;
				GCC_WARN_UNUSED_VARIABLE = YES;
				IPHONEOS_DEPLOYMENT_TARGET = 6.1;
				ONLY_ACTIVE_ARCH = YES;
				SDKROOT = iphoneos;
				TARGETED_DEVICE_FAMILY = 2;
			};
			name = Debug;
		};
		B73E672617F33FA200C8F1DC /* Release */ = {
			isa = XCBuildConfiguration;
			buildSettings = {
				ALWAYS_SEARCH_USER_PATHS = NO;
				CLANG_CXX_LANGUAGE_STANDARD = "gnu++0x";
				CLANG_CXX_LIBRARY = "libc++";
				CLANG_ENABLE_OBJC_ARC = YES;
				CLANG_WARN_CONSTANT_CONVERSION = YES;
				CLANG_WARN_EMPTY_BODY = YES;
				CLANG_WARN_ENUM_CONVERSION = YES;
				CLANG_WARN_INT_CONVERSION = YES;
				CLANG_WARN__DUPLICATE_METHOD_MATCH = YES;
				"CODE_SIGN_IDENTITY[sdk=iphoneos*]" = "iPhone Developer";
				COPY_PHASE_STRIP = YES;
				GCC_C_LANGUAGE_STANDARD = gnu99;
				GCC_WARN_ABOUT_RETURN_TYPE = YES;
				GCC_WARN_UNINITIALIZED_AUTOS = YES;
				GCC_WARN_UNUSED_VARIABLE = YES;
				IPHONEOS_DEPLOYMENT_TARGET = 6.1;
				OTHER_CFLAGS = "-DNS_BLOCK_ASSERTIONS=1";
				SDKROOT = iphoneos;
				TARGETED_DEVICE_FAMILY = 2;
				VALIDATE_PRODUCT = YES;
			};
			name = Release;
		};
		B73E672817F33FA200C8F1DC /* Debug */ = {
			isa = XCBuildConfiguration;
			buildSettings = {
				GCC_PRECOMPILE_PREFIX_HEADER = YES;
				GCC_PREFIX_HEADER = "forloops/forloops-Prefix.pch";
				INFOPLIST_FILE = "forloops/forloops-Info.plist";
				PRODUCT_NAME = "$(TARGET_NAME)";
				WRAPPER_EXTENSION = app;
			};
			name = Debug;
		};
		B73E672917F33FA200C8F1DC /* Release */ = {
			isa = XCBuildConfiguration;
			buildSettings = {
				GCC_PRECOMPILE_PREFIX_HEADER = YES;
				GCC_PREFIX_HEADER = "forloops/forloops-Prefix.pch";
				INFOPLIST_FILE = "forloops/forloops-Info.plist";
				PRODUCT_NAME = "$(TARGET_NAME)";
				WRAPPER_EXTENSION = app;
			};
			name = Release;
		};
/* End XCBuildConfiguration section */

/* Begin XCConfigurationList section */
		B73E66FF17F33FA200C8F1DC /* Build configuration list for PBXProject "forloops" */ = {
			isa = XCConfigurationList;
			buildConfigurations = (
				B73E672517F33FA200C8F1DC /* Debug */,
				B73E672617F33FA200C8F1DC /* Release */,
			);
			defaultConfigurationIsVisible = 0;
			defaultConfigurationName = Release;
		};
		B73E672717F33FA200C8F1DC /* Build configuration list for PBXNativeTarget "forloops" */ = {
			isa = XCConfigurationList;
			buildConfigurations = (
				B73E672817F33FA200C8F1DC /* Debug */,
				B73E672917F33FA200C8F1DC /* Release */,
			);
			defaultConfigurationIsVisible = 0;
			defaultConfigurationName = Release;
		};
/* End XCConfigurationList section */
	};
	rootObject = B73E66FC17F33FA200C8F1DC /* Project object */;
}
